
Microsoft Visual Studio Solution File, Format Version 12.00
# Visual Studio Version 16
VisualStudioVersion = 16.0.29519.87
MinimumVisualStudioVersion = 10.0.40219.1
Project("{9A19103F-16F7-4668-BE54-9A1E7A4F7556}") = "IT.Core", "IT.Core\IT.Core.csproj", "{88921D0F-673E-431F-BDC6-58801AFFA6B4}"
EndProject
Project("{FAE04EC0-301F-11D3-BF4B-00C04F79EFBC}") = "IT.Entity", "IT.Entity\IT.Entity.csproj", "{337FDF77-F820-413B-85FF-80CE7D6CD79D}"
EndProject
Project("{FAE04EC0-301F-11D3-BF4B-00C04F79EFBC}") = "IT.DataAccess", "IT.DataAccess\IT.DataAccess.csproj", "{F887BFBC-319F-4BF6-8577-154D39528EB9}"
EndProject
Project("{FAE04EC0-301F-11D3-BF4B-00C04F79EFBC}") = "IT.Bussiness", "IT.Bussiness\IT.Bussiness.csproj", "{04B7031C-446C-44D1-8A7A-35AC9DECB8EB}"
EndProject
Project("{FAE04EC0-301F-11D3-BF4B-00C04F79EFBC}") = "IT.MvcWebUI", "IT.MvcWebUI\IT.MvcWebUI.csproj", "{74840372-CFB1-487C-8EE6-569C95FB68FD}"
EndProject
Global
	GlobalSection(SolutionConfigurationPlatforms) = preSolution
		Debug|Any CPU = Debug|Any CPU
		Release|Any CPU = Release|Any CPU
	EndGlobalSection
	GlobalSection(ProjectConfigurationPlatforms) = postSolution
		{88921D0F-673E-431F-BDC6-58801AFFA6B4}.Debug|Any CPU.ActiveCfg = Debug|Any CPU
		{88921D0F-673E-431F-BDC6-58801AFFA6B4}.Debug|Any CPU.Build.0 = Debug|Any CPU
		{88921D0F-673E-431F-BDC6-58801AFFA6B4}.Release|Any CPU.ActiveCfg = Release|Any CPU
		{88921D0F-673E-431F-BDC6-58801AFFA6B4}.Release|Any CPU.Build.0 = Release|Any CPU
		{337FDF77-F820-413B-85FF-80CE7D6CD79D}.Debug|Any CPU.ActiveCfg = Debug|Any CPU
		{337FDF77-F820-413B-85FF-80CE7D6CD79D}.Debug|Any CPU.Build.0 = Debug|Any CPU
		{337FDF77-F820-413B-85FF-80CE7D6CD79D}.Release|Any CPU.ActiveCfg = Release|Any CPU
		{337FDF77-F820-413B-85FF-80CE7D6CD79D}.Release|Any CPU.Build.0 = Release|Any CPU
		{F887BFBC-319F-4BF6-8577-154D39528EB9}.Debug|Any CPU.ActiveCfg = Debug|Any CPU
		{F887BFBC-319F-4BF6-8577-154D39528EB9}.Debug|Any CPU.Build.0 = Debug|Any CPU
		{F887BFBC-319F-4BF6-8577-154D39528EB9}.Release|Any CPU.ActiveCfg = Release|Any CPU
		{F887BFBC-319F-4BF6-8577-154D39528EB9}.Release|Any CPU.Build.0 = Release|Any CPU
		{04B7031C-446C-44D1-8A7A-35AC9DECB8EB}.Debug|Any CPU.ActiveCfg = Debug|Any CPU
		{04B7031C-446C-44D1-8A7A-35AC9DECB8EB}.Debug|Any CPU.Build.0 = Debug|Any CPU
		{04B7031C-446C-44D1-8A7A-35AC9DECB8EB}.Release|Any CPU.ActiveCfg = Release|Any CPU
		{04B7031C-446C-44D1-8A7A-35AC9DECB8EB}.Release|Any CPU.Build.0 = Release|Any CPU
		{74840372-CFB1-487C-8EE6-569C95FB68FD}.Debug|Any CPU.ActiveCfg = Debug|Any CPU
		{74840372-CFB1-487C-8EE6-569C95FB68FD}.Debug|Any CPU.Build.0 = Debug|Any CPU
		{74840372-CFB1-487C-8EE6-569C95FB68FD}.Release|Any CPU.ActiveCfg = Release|Any CPU
		{74840372-CFB1-487C-8EE6-569C95FB68FD}.Release|Any CPU.Build.0 = Release|Any CPU
	EndGlobalSection
	GlobalSection(SolutionProperties) = preSolution
		HideSolutionNode = FALSE
	EndGlobalSection
	GlobalSection(ExtensibilityGlobals) = postSolution
		SolutionGuid = {CD352A0F-722B-4896-AFB8-2D7EB197AFB5}
	EndGlobalSection
EndGlobal
